// !$*UTF8*$!
{
	archiveVersion = 1;
	classes = {
	};
	objectVersion = 50;
	objects = {

/* Begin PBXBuildFile section */
		4E1411312222AE0600618B57 /* Constants.swift in Sources */ = {isa = PBXBuildFile; fileRef = 4E1411302222AE0600618B57 /* Constants.swift */; };
		4E1411342222AF3900618B57 /* JSONData.swift in Sources */ = {isa = PBXBuildFile; fileRef = 4E1411332222AF3900618B57 /* JSONData.swift */; };
		FD495B73222053BD00E08B38 /* NetworkExtension.swift in Sources */ = {isa = PBXBuildFile; fileRef = FD495B72222053BD00E08B38 /* NetworkExtension.swift */; };
		FD857590221D9B6A00E52A8D /* AppDelegate.swift in Sources */ = {isa = PBXBuildFile; fileRef = FD85758F221D9B6A00E52A8D /* AppDelegate.swift */; };
		FD857597221D9B6B00E52A8D /* Assets.xcassets in Resources */ = {isa = PBXBuildFile; fileRef = FD857596221D9B6B00E52A8D /* Assets.xcassets */; };
		FD85759A221D9B6B00E52A8D /* LaunchScreen.storyboard in Resources */ = {isa = PBXBuildFile; fileRef = FD857598221D9B6B00E52A8D /* LaunchScreen.storyboard */; };
		FD950BC7221EAD8F0097F9CC /* TableCell.swift in Sources */ = {isa = PBXBuildFile; fileRef = FD950BC6221EAD8F0097F9CC /* TableCell.swift */; };
		FDB6C3852222BFBF00848515 /* CellModels.swift in Sources */ = {isa = PBXBuildFile; fileRef = FDB6C3842222BFBF00848515 /* CellModels.swift */; };
		FDB6C3882222C62400848515 /* HeaderCell.swift in Sources */ = {isa = PBXBuildFile; fileRef = FDB6C3872222C62400848515 /* HeaderCell.swift */; };
		FDB6C38A2222C64A00848515 /* SpacingCell.swift in Sources */ = {isa = PBXBuildFile; fileRef = FDB6C3892222C64A00848515 /* SpacingCell.swift */; };
		FDB6C38C2222C65700848515 /* GoalCell.swift in Sources */ = {isa = PBXBuildFile; fileRef = FDB6C38B2222C65700848515 /* GoalCell.swift */; };
		FDD71EF2221DC81E00E4A359 /* DayStatistic.swift in Sources */ = {isa = PBXBuildFile; fileRef = FDD71EF1221DC81E00E4A359 /* DayStatistic.swift */; };
		FDD71EFA221DD0D500E4A359 /* ViewController.swift in Sources */ = {isa = PBXBuildFile; fileRef = FDD71EF9221DD0D500E4A359 /* ViewController.swift */; };
/* End PBXBuildFile section */

/* Begin PBXFileReference section */
		4E1411302222AE0600618B57 /* Constants.swift */ = {isa = PBXFileReference; lastKnownFileType = sourcecode.swift; path = Constants.swift; sourceTree = "<group>"; };
		4E1411332222AF3900618B57 /* JSONData.swift */ = {isa = PBXFileReference; lastKnownFileType = sourcecode.swift; path = JSONData.swift; sourceTree = "<group>"; };
		FD495B72222053BD00E08B38 /* NetworkExtension.swift */ = {isa = PBXFileReference; lastKnownFileType = sourcecode.swift; path = NetworkExtension.swift; sourceTree = "<group>"; };
		FD85758C221D9B6A00E52A8D /* UserActivity.app */ = {isa = PBXFileReference; explicitFileType = wrapper.application; includeInIndex = 0; path = UserActivity.app; sourceTree = BUILT_PRODUCTS_DIR; };
		FD85758F221D9B6A00E52A8D /* AppDelegate.swift */ = {isa = PBXFileReference; lastKnownFileType = sourcecode.swift; path = AppDelegate.swift; sourceTree = "<group>"; };
		FD857596221D9B6B00E52A8D /* Assets.xcassets */ = {isa = PBXFileReference; lastKnownFileType = folder.assetcatalog; path = Assets.xcassets; sourceTree = "<group>"; };
		FD857599221D9B6B00E52A8D /* Base */ = {isa = PBXFileReference; lastKnownFileType = file.storyboard; name = Base; path = Base.lproj/LaunchScreen.storyboard; sourceTree = "<group>"; };
		FD85759B221D9B6B00E52A8D /* Info.plist */ = {isa = PBXFileReference; lastKnownFileType = text.plist.xml; path = Info.plist; sourceTree = "<group>"; };
		FD950BC6221EAD8F0097F9CC /* TableCell.swift */ = {isa = PBXFileReference; lastKnownFileType = sourcecode.swift; path = TableCell.swift; sourceTree = "<group>"; };
		FDB6C3842222BFBF00848515 /* CellModels.swift */ = {isa = PBXFileReference; lastKnownFileType = sourcecode.swift; path = CellModels.swift; sourceTree = "<group>"; };
		FDB6C3872222C62400848515 /* HeaderCell.swift */ = {isa = PBXFileReference; lastKnownFileType = sourcecode.swift; path = HeaderCell.swift; sourceTree = "<group>"; };
		FDB6C3892222C64A00848515 /* SpacingCell.swift */ = {isa = PBXFileReference; lastKnownFileType = sourcecode.swift; path = SpacingCell.swift; sourceTree = "<group>"; };
		FDB6C38B2222C65700848515 /* GoalCell.swift */ = {isa = PBXFileReference; lastKnownFileType = sourcecode.swift; path = GoalCell.swift; sourceTree = "<group>"; };
		FDD71EF1221DC81E00E4A359 /* DayStatistic.swift */ = {isa = PBXFileReference; lastKnownFileType = sourcecode.swift; path = DayStatistic.swift; sourceTree = "<group>"; };
		FDD71EF9221DD0D500E4A359 /* ViewController.swift */ = {isa = PBXFileReference; lastKnownFileType = sourcecode.swift; path = ViewController.swift; sourceTree = "<group>"; };
/* End PBXFileReference section */

/* Begin PBXFrameworksBuildPhase section */
		FD857589221D9B6A00E52A8D /* Frameworks */ = {
			isa = PBXFrameworksBuildPhase;
			buildActionMask = 2147483647;
			files = (
			);
			runOnlyForDeploymentPostprocessing = 0;
		};
/* End PBXFrameworksBuildPhase section */

/* Begin PBXGroup section */
		4E1411322222AF2B00618B57 /* model */ = {
			isa = PBXGroup;
			children = (
				4E1411332222AF3900618B57 /* JSONData.swift */,
				FDB6C3842222BFBF00848515 /* CellModels.swift */,
			);
			path = model;
			sourceTree = "<group>";
		};
		4E1411352222AF5500618B57 /* network */ = {
			isa = PBXGroup;
			children = (
				FD495B72222053BD00E08B38 /* NetworkExtension.swift */,
			);
			path = network;
			sourceTree = "<group>";
		};
		FD857583221D9B6A00E52A8D = {
			isa = PBXGroup;
			children = (
				FD85758E221D9B6A00E52A8D /* UserActivity */,
				FD85758D221D9B6A00E52A8D /* Products */,
			);
			sourceTree = "<group>";
		};
		FD85758D221D9B6A00E52A8D /* Products */ = {
			isa = PBXGroup;
			children = (
				FD85758C221D9B6A00E52A8D /* UserActivity.app */,
			);
			name = Products;
			sourceTree = "<group>";
		};
		FD85758E221D9B6A00E52A8D /* UserActivity */ = {
			isa = PBXGroup;
			children = (
				FDB6C3862222C5B000848515 /* view */,
				4E1411322222AF2B00618B57 /* model */,
				4E1411352222AF5500618B57 /* network */,
				FD85758F221D9B6A00E52A8D /* AppDelegate.swift */,
				FDD71EF1221DC81E00E4A359 /* DayStatistic.swift */,
				FD857596221D9B6B00E52A8D /* Assets.xcassets */,
				FD857598221D9B6B00E52A8D /* LaunchScreen.storyboard */,
				FD85759B221D9B6B00E52A8D /* Info.plist */,
				FDD71EF9221DD0D500E4A359 /* ViewController.swift */,
				4E1411302222AE0600618B57 /* Constants.swift */,
			);
			path = UserActivity;
			sourceTree = "<group>";
		};
		FDB6C3862222C5B000848515 /* view */ = {
			isa = PBXGroup;
			children = (
				FD950BC6221EAD8F0097F9CC /* TableCell.swift */,
				FDB6C3872222C62400848515 /* HeaderCell.swift */,
				FDB6C3892222C64A00848515 /* SpacingCell.swift */,
				FDB6C38B2222C65700848515 /* GoalCell.swift */,
			);
			path = view;
			sourceTree = "<group>";
		};
/* End PBXGroup section */

/* Begin PBXNativeTarget section */
		FD85758B221D9B6A00E52A8D /* UserActivity */ = {
			isa = PBXNativeTarget;
			buildConfigurationList = FD85759E221D9B6B00E52A8D /* Build configuration list for PBXNativeTarget "UserActivity" */;
			buildPhases = (
				FD857588221D9B6A00E52A8D /* Sources */,
				FD857589221D9B6A00E52A8D /* Frameworks */,
				FD85758A221D9B6A00E52A8D /* Resources */,
			);
			buildRules = (
			);
			dependencies = (
			);
			name = UserActivity;
			productName = UserActivity;
			productReference = FD85758C221D9B6A00E52A8D /* UserActivity.app */;
			productType = "com.apple.product-type.application";
		};
/* End PBXNativeTarget section */

/* Begin PBXProject section */
		FD857584221D9B6A00E52A8D /* Project object */ = {
			isa = PBXProject;
			attributes = {
				LastSwiftUpdateCheck = 1010;
				LastUpgradeCheck = 1010;
				ORGANIZATIONNAME = Supreme;
				TargetAttributes = {
					FD85758B221D9B6A00E52A8D = {
						CreatedOnToolsVersion = 10.1;
					};
				};
			};
			buildConfigurationList = FD857587221D9B6A00E52A8D /* Build configuration list for PBXProject "UserActivity" */;
			compatibilityVersion = "Xcode 9.3";
			developmentRegion = en;
			hasScannedForEncodings = 0;
			knownRegions = (
				en,
				Base,
			);
			mainGroup = FD857583221D9B6A00E52A8D;
			productRefGroup = FD85758D221D9B6A00E52A8D /* Products */;
			projectDirPath = "";
			projectRoot = "";
			targets = (
				FD85758B221D9B6A00E52A8D /* UserActivity */,
			);
		};
/* End PBXProject section */

/* Begin PBXResourcesBuildPhase section */
		FD85758A221D9B6A00E52A8D /* Resources */ = {
			isa = PBXResourcesBuildPhase;
			buildActionMask = 2147483647;
			files = (
				FD85759A221D9B6B00E52A8D /* LaunchScreen.storyboard in Resources */,
				FD857597221D9B6B00E52A8D /* Assets.xcassets in Resources */,
			);
			runOnlyForDeploymentPostprocessing = 0;
		};
/* End PBXResourcesBuildPhase section */

/* Begin PBXSourcesBuildPhase section */
		FD857588221D9B6A00E52A8D /* Sources */ = {
			isa = PBXSourcesBuildPhase;
			buildActionMask = 2147483647;
			files = (
				FDD71EFA221DD0D500E4A359 /* ViewController.swift in Sources */,
				FDB6C38C2222C65700848515 /* GoalCell.swift in Sources */,
				FD495B73222053BD00E08B38 /* NetworkExtension.swift in Sources */,
				FDD71EF2221DC81E00E4A359 /* DayStatistic.swift in Sources */,
				FD950BC7221EAD8F0097F9CC /* TableCell.swift in Sources */,
				FDB6C3882222C62400848515 /* HeaderCell.swift in Sources */,
				FD857590221D9B6A00E52A8D /* AppDelegate.swift in Sources */,
				4E1411342222AF3900618B57 /* JSONData.swift in Sources */,
				4E1411312222AE0600618B57 /* Constants.swift in Sources */,
				FDB6C3852222BFBF00848515 /* CellModels.swift in Sources */,
				FDB6C38A2222C64A00848515 /* SpacingCell.swift in Sources */,
			);
			runOnlyForDeploymentPostprocessing = 0;
		};
/* End PBXSourcesBuildPhase section */

/* Begin PBXVariantGroup section */
		FD857598221D9B6B00E52A8D /* LaunchScreen.storyboard */ = {
			isa = PBXVariantGroup;
			children = (
				FD857599221D9B6B00E52A8D /* Base */,
			);
			name = LaunchScreen.storyboard;
			sourceTree = "<group>";
		};
/* End PBXVariantGroup section */

/* Begin XCBuildConfiguration section */
		FD85759C221D9B6B00E52A8D /* Debug */ = {
			isa = XCBuildConfiguration;
			buildSettings = {
				ALWAYS_SEARCH_USER_PATHS = NO;
				CLANG_ANALYZER_NONNULL = YES;
				CLANG_ANALYZER_NUMBER_OBJECT_CONVERSION = YES_AGGRESSIVE;
				CLANG_CXX_LANGUAGE_STANDARD = "gnu++14";
				CLANG_CXX_LIBRARY = "libc++";
				CLANG_ENABLE_MODULES = YES;
				CLANG_ENABLE_OBJC_ARC = YES;
				CLANG_ENABLE_OBJC_WEAK = YES;
				CLANG_WARN_BLOCK_CAPTURE_AUTORELEASING = YES;
				CLANG_WARN_BOOL_CONVERSION = YES;
				CLANG_WARN_COMMA = YES;
				CLANG_WARN_CONSTANT_CONVERSION = YES;
				CLANG_WARN_DEPRECATED_OBJC_IMPLEMENTATIONS = YES;
				CLANG_WARN_DIRECT_OBJC_ISA_USAGE = YES_ERROR;
				CLANG_WARN_DOCUMENTATION_COMMENTS = YES;
				CLANG_WARN_EMPTY_BODY = YES;
				CLANG_WARN_ENUM_CONVERSION = YES;
				CLANG_WARN_INFINITE_RECURSION = YES;
				CLANG_WARN_INT_CONVERSION = YES;
				CLANG_WARN_NON_LITERAL_NULL_CONVERSION = YES;
				CLANG_WARN_OBJC_IMPLICIT_RETAIN_SELF = YES;
				CLANG_WARN_OBJC_LITERAL_CONVERSION = YES;
				CLANG_WARN_OBJC_ROOT_CLASS = YES_ERROR;
				CLANG_WARN_RANGE_LOOP_ANALYSIS = YES;
				CLANG_WARN_STRICT_PROTOTYPES = YES;
				CLANG_WARN_SUSPICIOUS_MOVE = YES;
				CLANG_WARN_UNGUARDED_AVAILABILITY = YES_AGGRESSIVE;
				CLANG_WARN_UNREACHABLE_CODE = YES;
				CLANG_WARN__DUPLICATE_METHOD_MATCH = YES;
				CODE_SIGN_IDENTITY = "iPhone Developer";
				COPY_PHASE_STRIP = NO;
				DEBUG_INFORMATION_FORMAT = dwarf;
				ENABLE_STRICT_OBJC_MSGSEND = YES;
				ENABLE_TESTABILITY = YES;
				GCC_C_LANGUAGE_STANDARD = gnu11;
				GCC_DYNAMIC_NO_PIC = NO;
				GCC_NO_COMMON_BLOCKS = YES;
				GCC_OPTIMIZATION_LEVEL = 0;
				GCC_PREPROCESSOR_DEFINITIONS = (
					"DEBUG=1",
					"$(inherited)",
				);
				GCC_WARN_64_TO_32_BIT_CONVERSION = YES;
				GCC_WARN_ABOUT_RETURN_TYPE = YES_ERROR;
				GCC_WARN_UNDECLARED_SELECTOR = YES;
				GCC_WARN_UNINITIALIZED_AUTOS = YES_AGGRESSIVE;
				GCC_WARN_UNUSED_FUNCTION = YES;
				GCC_WARN_UNUSED_VARIABLE = YES;
				IPHONEOS_DEPLOYMENT_TARGET = 12.1;
				MTL_ENABLE_DEBUG_INFO = INCLUDE_SOURCE;
				MTL_FAST_MATH = YES;
				ONLY_ACTIVE_ARCH = YES;
				SDKROOT = iphoneos;
				SWIFT_ACTIVE_COMPILATION_CONDITIONS = DEBUG;
				SWIFT_OPTIMIZATION_LEVEL = "-Onone";
			};
			name = Debug;
		};
		FD85759D221D9B6B00E52A8D /* Release */ = {
			isa = XCBuildConfiguration;
			buildSettings = {
				ALWAYS_SEARCH_USER_PATHS = NO;
				CLANG_ANALYZER_NONNULL = YES;
				CLANG_ANALYZER_NUMBER_OBJECT_CONVERSION = YES_AGGRESSIVE;
				CLANG_CXX_LANGUAGE_STANDARD = "gnu++14";
				CLANG_CXX_LIBRARY = "libc++";
				CLANG_ENABLE_MODULES = YES;
				CLANG_ENABLE_OBJC_ARC = YES;
				CLANG_ENABLE_OBJC_WEAK = YES;
				CLANG_WARN_BLOCK_CAPTURE_AUTORELEASING = YES;
				CLANG_WARN_BOOL_CONVERSION = YES;
				CLANG_WARN_COMMA = YES;
				CLANG_WARN_CONSTANT_CONVERSION = YES;
				CLANG_WARN_DEPRECATED_OBJC_IMPLEMENTATIONS = YES;
				CLANG_WARN_DIRECT_OBJC_ISA_USAGE = YES_ERROR;
				CLANG_WARN_DOCUMENTATION_COMMENTS = YES;
				CLANG_WARN_EMPTY_BODY = YES;
				CLANG_WARN_ENUM_CONVERSION = YES;
				CLANG_WARN_INFINITE_RECURSION = YES;
				CLANG_WARN_INT_CONVERSION = YES;
				CLANG_WARN_NON_LITERAL_NULL_CONVERSION = YES;
				CLANG_WARN_OBJC_IMPLICIT_RETAIN_SELF = YES;
				CLANG_WARN_OBJC_LITERAL_CONVERSION = YES;
				CLANG_WARN_OBJC_ROOT_CLASS = YES_ERROR;
				CLANG_WARN_RANGE_LOOP_ANALYSIS = YES;
				CLANG_WARN_STRICT_PROTOTYPES = YES;
				CLANG_WARN_SUSPICIOUS_MOVE = YES;
				CLANG_WARN_UNGUARDED_AVAILABILITY = YES_AGGRESSIVE;
				CLANG_WARN_UNREACHABLE_CODE = YES;
				CLANG_WARN__DUPLICATE_METHOD_MATCH = YES;
				CODE_SIGN_IDENTITY = "iPhone Developer";
				COPY_PHASE_STRIP = NO;
				DEBUG_INFORMATION_FORMAT = "dwarf-with-dsym";
				ENABLE_NS_ASSERTIONS = NO;
				ENABLE_STRICT_OBJC_MSGSEND = YES;
				GCC_C_LANGUAGE_STANDARD = gnu11;
				GCC_NO_COMMON_BLOCKS = YES;
				GCC_WARN_64_TO_32_BIT_CONVERSION = YES;
				GCC_WARN_ABOUT_RETURN_TYPE = YES_ERROR;
				GCC_WARN_UNDECLARED_SELECTOR = YES;
				GCC_WARN_UNINITIALIZED_AUTOS = YES_AGGRESSIVE;
				GCC_WARN_UNUSED_FUNCTION = YES;
				GCC_WARN_UNUSED_VARIABLE = YES;
				IPHONEOS_DEPLOYMENT_TARGET = 12.1;
				MTL_ENABLE_DEBUG_INFO = NO;
				MTL_FAST_MATH = YES;
				SDKROOT = iphoneos;
				SWIFT_COMPILATION_MODE = wholemodule;
				SWIFT_OPTIMIZATION_LEVEL = "-O";
				VALIDATE_PRODUCT = YES;
			};
			name = Release;
		};
		FD85759F221D9B6B00E52A8D /* Debug */ = {
			isa = XCBuildConfiguration;
			buildSettings = {
				ASSETCATALOG_COMPILER_APPICON_NAME = AppIcon;
				CODE_SIGN_STYLE = Automatic;
				DEVELOPMENT_TEAM = K59MPP33VH;
				INFOPLIST_FILE = UserActivity/Info.plist;
				LD_RUNPATH_SEARCH_PATHS = (
					"$(inherited)",
					"@executable_path/Frameworks",
				);
				PRODUCT_BUNDLE_IDENTIFIER = com.supreme.UserActivity;
				PRODUCT_NAME = "$(TARGET_NAME)";
				SWIFT_VERSION = 4.2;
				TARGETED_DEVICE_FAMILY = "1,2";
			};
			name = Debug;
		};
		FD8575A0221D9B6B00E52A8D /* Release */ = {
			isa = XCBuildConfiguration;
			buildSettings = {
				ASSETCATALOG_COMPILER_APPICON_NAME = AppIcon;
				CODE_SIGN_STYLE = Automatic;
				DEVELOPMENT_TEAM = K59MPP33VH;
				INFOPLIST_FILE = UserActivity/Info.plist;
				LD_RUNPATH_SEARCH_PATHS = (
					"$(inherited)",
					"@executable_path/Frameworks",
				);
				PRODUCT_BUNDLE_IDENTIFIER = com.supreme.UserActivity;
				PRODUCT_NAME = "$(TARGET_NAME)";
				SWIFT_VERSION = 4.2;
				TARGETED_DEVICE_FAMILY = "1,2";
			};
			name = Release;
		};
/* End XCBuildConfiguration section */

/* Begin XCConfigurationList section */
		FD857587221D9B6A00E52A8D /* Build configuration list for PBXProject "UserActivity" */ = {
			isa = XCConfigurationList;
			buildConfigurations = (
				FD85759C221D9B6B00E52A8D /* Debug */,
				FD85759D221D9B6B00E52A8D /* Release */,
			);
			defaultConfigurationIsVisible = 0;
			defaultConfigurationName = Release;
		};
		FD85759E221D9B6B00E52A8D /* Build configuration list for PBXNativeTarget "UserActivity" */ = {
			isa = XCConfigurationList;
			buildConfigurations = (
				FD85759F221D9B6B00E52A8D /* Debug */,
				FD8575A0221D9B6B00E52A8D /* Release */,
			);
			defaultConfigurationIsVisible = 0;
			defaultConfigurationName = Release;
		};
/* End XCConfigurationList section */
	};
	rootObject = FD857584221D9B6A00E52A8D /* Project object */;
}
